
Microsoft Visual Studio Solution File, Format Version 12.00
# Visual Studio Version 17
VisualStudioVersion = 17.0.31919.166
MinimumVisualStudioVersion = 10.0.40219.1
Project("{9A19103F-16F7-4668-BE54-9A1E7A4F7556}") = "Ex1", "Ex1\Ex1.csproj", "{C12AE44E-7302-43DC-8936-60C0D9C800D5}"
EndProject
Project("{9A19103F-16F7-4668-BE54-9A1E7A4F7556}") = "Ex2", "Ex2\Ex2.csproj", "{0808FB2C-8E3E-46F2-B0EB-7A18BF7A55B5}"
EndProject
Project("{FAE04EC0-301F-11D3-BF4B-00C04F79EFBC}") = "Ex3", "Ex3\Ex3.csproj", "{82A9F9BC-4CC7-45EC-8C85-D705BE328151}"
EndProject
Global
	GlobalSection(SolutionConfigurationPlatforms) = preSolution
		Debug|Any CPU = Debug|Any CPU
		Release|Any CPU = Release|Any CPU
	EndGlobalSection
	GlobalSection(ProjectConfigurationPlatforms) = postSolution
		{C12AE44E-7302-43DC-8936-60C0D9C800D5}.Debug|Any CPU.ActiveCfg = Debug|Any CPU
		{C12AE44E-7302-43DC-8936-60C0D9C800D5}.Debug|Any CPU.Build.0 = Debug|Any CPU
		{C12AE44E-7302-43DC-8936-60C0D9C800D5}.Release|Any CPU.ActiveCfg = Release|Any CPU
		{C12AE44E-7302-43DC-8936-60C0D9C800D5}.Release|Any CPU.Build.0 = Release|Any CPU
		{0808FB2C-8E3E-46F2-B0EB-7A18BF7A55B5}.Debug|Any CPU.ActiveCfg = Debug|Any CPU
		{0808FB2C-8E3E-46F2-B0EB-7A18BF7A55B5}.Debug|Any CPU.Build.0 = Debug|Any CPU
		{0808FB2C-8E3E-46F2-B0EB-7A18BF7A55B5}.Release|Any CPU.ActiveCfg = Release|Any CPU
		{0808FB2C-8E3E-46F2-B0EB-7A18BF7A55B5}.Release|Any CPU.Build.0 = Release|Any CPU
		{82A9F9BC-4CC7-45EC-8C85-D705BE328151}.Debug|Any CPU.ActiveCfg = Debug|Any CPU
		{82A9F9BC-4CC7-45EC-8C85-D705BE328151}.Debug|Any CPU.Build.0 = Debug|Any CPU
		{82A9F9BC-4CC7-45EC-8C85-D705BE328151}.Release|Any CPU.ActiveCfg = Release|Any CPU
		{82A9F9BC-4CC7-45EC-8C85-D705BE328151}.Release|Any CPU.Build.0 = Release|Any CPU
	EndGlobalSection
	GlobalSection(SolutionProperties) = preSolution
		HideSolutionNode = FALSE
	EndGlobalSection
	GlobalSection(ExtensibilityGlobals) = postSolution
		SolutionGuid = {3A76A015-088E-47BB-857C-CE98472C6D8D}
	EndGlobalSection
EndGlobal
