
Microsoft Visual Studio Solution File, Format Version 12.00
# Visual Studio Version 17
VisualStudioVersion = 17.0.31919.166
MinimumVisualStudioVersion = 10.0.40219.1
Project("{FAE04EC0-301F-11D3-BF4B-00C04F79EFBC}") = "WF_Udvoitel", "WF_Udvoitel\WF_Udvoitel.csproj", "{F13C4094-4983-464B-9D0F-CD01E7DC2471}"
EndProject
Project("{FAE04EC0-301F-11D3-BF4B-00C04F79EFBC}") = "WindowsFormsApp1", "WindowsFormsApp1\WindowsFormsApp1.csproj", "{93A029E4-2673-4062-920E-A04F9500D159}"
EndProject
Global
	GlobalSection(SolutionConfigurationPlatforms) = preSolution
		Debug|Any CPU = Debug|Any CPU
		Release|Any CPU = Release|Any CPU
	EndGlobalSection
	GlobalSection(ProjectConfigurationPlatforms) = postSolution
		{F13C4094-4983-464B-9D0F-CD01E7DC2471}.Debug|Any CPU.ActiveCfg = Debug|Any CPU
		{F13C4094-4983-464B-9D0F-CD01E7DC2471}.Debug|Any CPU.Build.0 = Debug|Any CPU
		{F13C4094-4983-464B-9D0F-CD01E7DC2471}.Release|Any CPU.ActiveCfg = Release|Any CPU
		{F13C4094-4983-464B-9D0F-CD01E7DC2471}.Release|Any CPU.Build.0 = Release|Any CPU
		{93A029E4-2673-4062-920E-A04F9500D159}.Debug|Any CPU.ActiveCfg = Debug|Any CPU
		{93A029E4-2673-4062-920E-A04F9500D159}.Debug|Any CPU.Build.0 = Debug|Any CPU
		{93A029E4-2673-4062-920E-A04F9500D159}.Release|Any CPU.ActiveCfg = Release|Any CPU
		{93A029E4-2673-4062-920E-A04F9500D159}.Release|Any CPU.Build.0 = Release|Any CPU
	EndGlobalSection
	GlobalSection(SolutionProperties) = preSolution
		HideSolutionNode = FALSE
	EndGlobalSection
	GlobalSection(ExtensibilityGlobals) = postSolution
		SolutionGuid = {297F5985-76B3-4A12-B235-67FFFD560E42}
	EndGlobalSection
EndGlobal
